
Microsoft Visual Studio Solution File, Format Version 12.00
# Visual Studio Version 17
VisualStudioVersion = 17.14.36616.10 d17.14
MinimumVisualStudioVersion = 10.0.40219.1
Project("{FAE04EC0-301F-11D3-BF4B-00C04F79EFBC}") = "Personal Finance Tracker", "Personal Finance Tracker.csproj", "{D9AF10B7-2FC3-49F4-9B62-87DFEB9D5AE3}"
EndProject
Global
	GlobalSection(SolutionConfigurationPlatforms) = preSolution
		Debug|Any CPU = Debug|Any CPU
		Release|Any CPU = Release|Any CPU
	EndGlobalSection
	GlobalSection(ProjectConfigurationPlatforms) = postSolution
		{D9AF10B7-2FC3-49F4-9B62-87DFEB9D5AE3}.Debug|Any CPU.ActiveCfg = Debug|Any CPU
		{D9AF10B7-2FC3-49F4-9B62-87DFEB9D5AE3}.Debug|Any CPU.Build.0 = Debug|Any CPU
		{D9AF10B7-2FC3-49F4-9B62-87DFEB9D5AE3}.Release|Any CPU.ActiveCfg = Release|Any CPU
		{D9AF10B7-2FC3-49F4-9B62-87DFEB9D5AE3}.Release|Any CPU.Build.0 = Release|Any CPU
	EndGlobalSection
	GlobalSection(SolutionProperties) = preSolution
		HideSolutionNode = FALSE
	EndGlobalSection
	GlobalSection(ExtensibilityGlobals) = postSolution
		SolutionGuid = {C71E8148-42D0-4E67-9397-18D123280359}
	EndGlobalSection
EndGlobal
